
Microsoft Visual Studio Solution File, Format Version 12.00
# Visual Studio Version 16
VisualStudioVersion = 25.0.1706.12
MinimumVisualStudioVersion = 10.0.40219.1
Project("{FAE04EC0-301F-11D3-BF4B-00C04F79EFBC}") = "edu-tools", "edu-tools\edu-tools.csproj", "{60C09400-C9AC-4901-967D-AC66C312919C}"
EndProject
Global
	GlobalSection(SolutionConfigurationPlatforms) = preSolution
		Debug|Any CPU = Debug|Any CPU
		Release|Any CPU = Release|Any CPU
	EndGlobalSection
	GlobalSection(ProjectConfigurationPlatforms) = postSolution
		{60C09400-C9AC-4901-967D-AC66C312919C}.Debug|Any CPU.ActiveCfg = Debug|Any CPU
		{60C09400-C9AC-4901-967D-AC66C312919C}.Debug|Any CPU.Build.0 = Debug|Any CPU
		{60C09400-C9AC-4901-967D-AC66C312919C}.Release|Any CPU.ActiveCfg = Release|Any CPU
		{60C09400-C9AC-4901-967D-AC66C312919C}.Release|Any CPU.Build.0 = Release|Any CPU
	EndGlobalSection
	GlobalSection(SolutionProperties) = preSolution
		HideSolutionNode = FALSE
	EndGlobalSection
	GlobalSection(ExtensibilityGlobals) = postSolution
		SolutionGuid = {A4AF1A0D-45C2-4870-9F3A-958910948A13}
	EndGlobalSection
EndGlobal
